
Microsoft Visual Studio Solution File, Format Version 12.00
# Visual Studio Version 17
VisualStudioVersion = 17.11.35222.181
MinimumVisualStudioVersion = 10.0.40219.1
Project("{9A19103F-16F7-4668-BE54-9A1E7A4F7556}") = "HelloWorldWebAPI", "BunnesWebAPI\HelloWorldWebAPI.csproj", "{5A76B80D-E7B0-445F-866D-E01C1CD3907E}"
EndProject
Project("{9A19103F-16F7-4668-BE54-9A1E7A4F7556}") = "Core", "Core\Core.csproj", "{716F0A2A-B2DE-43CD-A7C8-BE34A86D001B}"
EndProject
Project("{9A19103F-16F7-4668-BE54-9A1E7A4F7556}") = "Infrastructure", "Infrastructure\Infrastructure.csproj", "{61E0C703-C40F-4F1F-83ED-BE74E0FA58ED}"
EndProject
Global
	GlobalSection(SolutionConfigurationPlatforms) = preSolution
		Debug|Any CPU = Debug|Any CPU
		Release|Any CPU = Release|Any CPU
	EndGlobalSection
	GlobalSection(ProjectConfigurationPlatforms) = postSolution
		{5A76B80D-E7B0-445F-866D-E01C1CD3907E}.Debug|Any CPU.ActiveCfg = Debug|Any CPU
		{5A76B80D-E7B0-445F-866D-E01C1CD3907E}.Debug|Any CPU.Build.0 = Debug|Any CPU
		{5A76B80D-E7B0-445F-866D-E01C1CD3907E}.Release|Any CPU.ActiveCfg = Release|Any CPU
		{5A76B80D-E7B0-445F-866D-E01C1CD3907E}.Release|Any CPU.Build.0 = Release|Any CPU
		{716F0A2A-B2DE-43CD-A7C8-BE34A86D001B}.Debug|Any CPU.ActiveCfg = Debug|Any CPU
		{716F0A2A-B2DE-43CD-A7C8-BE34A86D001B}.Debug|Any CPU.Build.0 = Debug|Any CPU
		{716F0A2A-B2DE-43CD-A7C8-BE34A86D001B}.Release|Any CPU.ActiveCfg = Release|Any CPU
		{716F0A2A-B2DE-43CD-A7C8-BE34A86D001B}.Release|Any CPU.Build.0 = Release|Any CPU
		{61E0C703-C40F-4F1F-83ED-BE74E0FA58ED}.Debug|Any CPU.ActiveCfg = Debug|Any CPU
		{61E0C703-C40F-4F1F-83ED-BE74E0FA58ED}.Debug|Any CPU.Build.0 = Debug|Any CPU
		{61E0C703-C40F-4F1F-83ED-BE74E0FA58ED}.Release|Any CPU.ActiveCfg = Release|Any CPU
		{61E0C703-C40F-4F1F-83ED-BE74E0FA58ED}.Release|Any CPU.Build.0 = Release|Any CPU
	EndGlobalSection
	GlobalSection(SolutionProperties) = preSolution
		HideSolutionNode = FALSE
	EndGlobalSection
	GlobalSection(ExtensibilityGlobals) = postSolution
		SolutionGuid = {5455D5D3-3575-416C-8E03-EC2326DCEFF9}
	EndGlobalSection
EndGlobal
